
Microsoft Visual Studio Solution File, Format Version 12.00
# Visual Studio 14
VisualStudioVersion = 14.0.24720.0
MinimumVisualStudioVersion = 10.0.40219.1
Project("{FAE04EC0-301F-11D3-BF4B-00C04F79EFBC}") = "JustOneWord", "JustOneWord\JustOneWord.csproj", "{FE6C8B54-34C1-41FA-BDDB-4121CA690CE7}"
EndProject
Project("{FAE04EC0-301F-11D3-BF4B-00C04F79EFBC}") = "JustOneWord.Tests", "JustOneWord.Tests\JustOneWord.Tests.csproj", "{D7E07A2F-0BA0-4B79-A2BB-397290316EA0}"
EndProject
Global
	GlobalSection(SolutionConfigurationPlatforms) = preSolution
		Debug|Any CPU = Debug|Any CPU
		Release|Any CPU = Release|Any CPU
	EndGlobalSection
	GlobalSection(ProjectConfigurationPlatforms) = postSolution
		{FE6C8B54-34C1-41FA-BDDB-4121CA690CE7}.Debug|Any CPU.ActiveCfg = Debug|Any CPU
		{FE6C8B54-34C1-41FA-BDDB-4121CA690CE7}.Debug|Any CPU.Build.0 = Debug|Any CPU
		{FE6C8B54-34C1-41FA-BDDB-4121CA690CE7}.Release|Any CPU.ActiveCfg = Release|Any CPU
		{FE6C8B54-34C1-41FA-BDDB-4121CA690CE7}.Release|Any CPU.Build.0 = Release|Any CPU
		{D7E07A2F-0BA0-4B79-A2BB-397290316EA0}.Debug|Any CPU.ActiveCfg = Debug|Any CPU
		{D7E07A2F-0BA0-4B79-A2BB-397290316EA0}.Debug|Any CPU.Build.0 = Debug|Any CPU
		{D7E07A2F-0BA0-4B79-A2BB-397290316EA0}.Release|Any CPU.ActiveCfg = Release|Any CPU
		{D7E07A2F-0BA0-4B79-A2BB-397290316EA0}.Release|Any CPU.Build.0 = Release|Any CPU
	EndGlobalSection
	GlobalSection(SolutionProperties) = preSolution
		HideSolutionNode = FALSE
	EndGlobalSection
EndGlobal
